
Microsoft Visual Studio Solution File, Format Version 12.00
# Visual Studio Version 17
VisualStudioVersion = 17.8.34330.188
MinimumVisualStudioVersion = 10.0.40219.1
Project("{E24C65DC-7377-472B-9ABA-BC803B73C61A}") = "applets", ".", "{FB67DFB9-303C-44D1-903E-ECBB5236C5C1}"
	ProjectSection(WebsiteProperties) = preProject
		TargetFrameworkMoniker = ".NETFramework,Version%3Dv4.8"
		Debug.AspNetCompiler.VirtualPath = "/localhost_60120"
		Debug.AspNetCompiler.PhysicalPath = "..\santedb-v3\applets\"
		Debug.AspNetCompiler.TargetPath = "PrecompiledWeb\localhost_60120\"
		Debug.AspNetCompiler.Updateable = "true"
		Debug.AspNetCompiler.ForceOverwrite = "true"
		Debug.AspNetCompiler.FixedNames = "false"
		Debug.AspNetCompiler.Debug = "True"
		Release.AspNetCompiler.VirtualPath = "/localhost_60120"
		Release.AspNetCompiler.PhysicalPath = "..\santedb-v3\applets\"
		Release.AspNetCompiler.TargetPath = "PrecompiledWeb\localhost_60120\"
		Release.AspNetCompiler.Updateable = "true"
		Release.AspNetCompiler.ForceOverwrite = "true"
		Release.AspNetCompiler.FixedNames = "false"
		Release.AspNetCompiler.Debug = "False"
		VWDPort = "60120"
	EndProjectSection
EndProject
Global
	GlobalSection(SolutionConfigurationPlatforms) = preSolution
		Debug|Any CPU = Debug|Any CPU
	EndGlobalSection
	GlobalSection(ProjectConfigurationPlatforms) = postSolution
		{FB67DFB9-303C-44D1-903E-ECBB5236C5C1}.Debug|Any CPU.ActiveCfg = Debug|Any CPU
		{FB67DFB9-303C-44D1-903E-ECBB5236C5C1}.Debug|Any CPU.Build.0 = Debug|Any CPU
	EndGlobalSection
	GlobalSection(SolutionProperties) = preSolution
		HideSolutionNode = FALSE
	EndGlobalSection
	GlobalSection(ExtensibilityGlobals) = postSolution
		SolutionGuid = {7E10D31F-CBD4-4FB3-A192-CC0E29FC727F}
	EndGlobalSection
EndGlobal
