
Microsoft Visual Studio Solution File, Format Version 12.00
# Visual Studio 15
VisualStudioVersion = 15.0.27703.2035
MinimumVisualStudioVersion = 10.0.40219.1
Project("{E24C65DC-7377-472B-9ABA-BC803B73C61A}") = "uicore", "uicore\", "{999D8ED4-53C9-4785-AB47-FBA57C920C7C}"
	ProjectSection(WebsiteProperties) = preProject
		TargetFrameworkMoniker = ".NETFramework,Version%3Dv4.0"
		Debug.AspNetCompiler.VirtualPath = "/localhost_52379"
		Debug.AspNetCompiler.PhysicalPath = "uicore\"
		Debug.AspNetCompiler.TargetPath = "PrecompiledWeb\localhost_52379\"
		Debug.AspNetCompiler.Updateable = "true"
		Debug.AspNetCompiler.ForceOverwrite = "true"
		Debug.AspNetCompiler.FixedNames = "false"
		Debug.AspNetCompiler.Debug = "True"
		Release.AspNetCompiler.VirtualPath = "/localhost_52379"
		Release.AspNetCompiler.PhysicalPath = "uicore\"
		Release.AspNetCompiler.TargetPath = "PrecompiledWeb\localhost_52379\"
		Release.AspNetCompiler.Updateable = "true"
		Release.AspNetCompiler.ForceOverwrite = "true"
		Release.AspNetCompiler.FixedNames = "false"
		Release.AspNetCompiler.Debug = "False"
		VWDPort = "52379"
		SlnRelativePath = "uicore\"
	EndProjectSection
EndProject
Project("{E24C65DC-7377-472B-9ABA-BC803B73C61A}") = "core", "core\", "{EA1AE347-8C37-4C04-BC46-D518A3E7FD7E}"
	ProjectSection(WebsiteProperties) = preProject
		TargetFrameworkMoniker = ".NETFramework,Version%3Dv4.0"
		Debug.AspNetCompiler.VirtualPath = "/localhost_52376"
		Debug.AspNetCompiler.PhysicalPath = "core\"
		Debug.AspNetCompiler.TargetPath = "PrecompiledWeb\localhost_52376\"
		Debug.AspNetCompiler.Updateable = "true"
		Debug.AspNetCompiler.ForceOverwrite = "true"
		Debug.AspNetCompiler.FixedNames = "false"
		Debug.AspNetCompiler.Debug = "True"
		Release.AspNetCompiler.VirtualPath = "/localhost_52376"
		Release.AspNetCompiler.PhysicalPath = "core\"
		Release.AspNetCompiler.TargetPath = "PrecompiledWeb\localhost_52376\"
		Release.AspNetCompiler.Updateable = "true"
		Release.AspNetCompiler.ForceOverwrite = "true"
		Release.AspNetCompiler.FixedNames = "false"
		Release.AspNetCompiler.Debug = "False"
		VWDPort = "52376"
		SlnRelativePath = "core\"
	EndProjectSection
EndProject
Project("{E24C65DC-7377-472B-9ABA-BC803B73C61A}") = "config", "config\", "{AFFADA52-446C-493B-B160-3AC1298A6C80}"
	ProjectSection(WebsiteProperties) = preProject
		TargetFrameworkMoniker = ".NETFramework,Version%3Dv4.0"
		Debug.AspNetCompiler.VirtualPath = "/localhost_52377"
		Debug.AspNetCompiler.PhysicalPath = "config\"
		Debug.AspNetCompiler.TargetPath = "PrecompiledWeb\localhost_52377\"
		Debug.AspNetCompiler.Updateable = "true"
		Debug.AspNetCompiler.ForceOverwrite = "true"
		Debug.AspNetCompiler.FixedNames = "false"
		Debug.AspNetCompiler.Debug = "True"
		Release.AspNetCompiler.VirtualPath = "/localhost_52377"
		Release.AspNetCompiler.PhysicalPath = "config\"
		Release.AspNetCompiler.TargetPath = "PrecompiledWeb\localhost_52377\"
		Release.AspNetCompiler.Updateable = "true"
		Release.AspNetCompiler.ForceOverwrite = "true"
		Release.AspNetCompiler.FixedNames = "false"
		Release.AspNetCompiler.Debug = "False"
		VWDPort = "52377"
		SlnRelativePath = "config\"
	EndProjectSection
EndProject
Project("{E24C65DC-7377-472B-9ABA-BC803B73C61A}") = "admin", "admin\", "{CE913DD4-4D1E-44C9-A6FA-A9A117DE406C}"
	ProjectSection(WebsiteProperties) = preProject
		TargetFrameworkMoniker = ".NETFramework,Version%3Dv4.0"
		Debug.AspNetCompiler.VirtualPath = "/localhost_27810"
		Debug.AspNetCompiler.PhysicalPath = "admin\"
		Debug.AspNetCompiler.TargetPath = "PrecompiledWeb\localhost_27810\"
		Debug.AspNetCompiler.Updateable = "true"
		Debug.AspNetCompiler.ForceOverwrite = "true"
		Debug.AspNetCompiler.FixedNames = "false"
		Debug.AspNetCompiler.Debug = "True"
		Release.AspNetCompiler.VirtualPath = "/localhost_27810"
		Release.AspNetCompiler.PhysicalPath = "admin\"
		Release.AspNetCompiler.TargetPath = "PrecompiledWeb\localhost_27810\"
		Release.AspNetCompiler.Updateable = "true"
		Release.AspNetCompiler.ForceOverwrite = "true"
		Release.AspNetCompiler.FixedNames = "false"
		Release.AspNetCompiler.Debug = "False"
		VWDPort = "27810"
		SlnRelativePath = "admin\"
	EndProjectSection
EndProject
Project("{E24C65DC-7377-472B-9ABA-BC803B73C61A}") = "config.init", "config.init\", "{A497773F-24D2-47AC-B8EE-8D0B7D0B88D3}"
	ProjectSection(WebsiteProperties) = preProject
		TargetFrameworkMoniker = ".NETFramework,Version%3Dv4.0"
		Debug.AspNetCompiler.VirtualPath = "/localhost_27841"
		Debug.AspNetCompiler.PhysicalPath = "config.init\"
		Debug.AspNetCompiler.TargetPath = "PrecompiledWeb\localhost_27841\"
		Debug.AspNetCompiler.Updateable = "true"
		Debug.AspNetCompiler.ForceOverwrite = "true"
		Debug.AspNetCompiler.FixedNames = "false"
		Debug.AspNetCompiler.Debug = "True"
		Release.AspNetCompiler.VirtualPath = "/localhost_27841"
		Release.AspNetCompiler.PhysicalPath = "config.init\"
		Release.AspNetCompiler.TargetPath = "PrecompiledWeb\localhost_27841\"
		Release.AspNetCompiler.Updateable = "true"
		Release.AspNetCompiler.ForceOverwrite = "true"
		Release.AspNetCompiler.FixedNames = "false"
		Release.AspNetCompiler.Debug = "False"
		VWDPort = "27841"
		SlnRelativePath = "config.init\"
	EndProjectSection
EndProject
Project("{2150E333-8FDC-42A3-9474-1A3956D46DE8}") = "Solutions", "Solutions", "{202158B9-D0F2-47FB-89FE-FA99CE1FBCDE}"
	ProjectSection(SolutionItems) = preProject
		santedb.admin.sln.xml = santedb.admin.sln.xml
		santedb.core.sln.xml = santedb.core.sln.xml
	EndProjectSection
EndProject
Project("{E24C65DC-7377-472B-9ABA-BC803B73C61A}") = "bicore", "bicore\", "{8878A470-83D3-4329-855C-5B0BE490188F}"
	ProjectSection(WebsiteProperties) = preProject
		TargetFrameworkMoniker = ".NETFramework,Version%3Dv4.0"
		Debug.AspNetCompiler.VirtualPath = "/localhost_59524"
		Debug.AspNetCompiler.PhysicalPath = "bicore\"
		Debug.AspNetCompiler.TargetPath = "PrecompiledWeb\localhost_59524\"
		Debug.AspNetCompiler.Updateable = "true"
		Debug.AspNetCompiler.ForceOverwrite = "true"
		Debug.AspNetCompiler.FixedNames = "false"
		Debug.AspNetCompiler.Debug = "True"
		Release.AspNetCompiler.VirtualPath = "/localhost_59524"
		Release.AspNetCompiler.PhysicalPath = "bicore\"
		Release.AspNetCompiler.TargetPath = "PrecompiledWeb\localhost_59524\"
		Release.AspNetCompiler.Updateable = "true"
		Release.AspNetCompiler.ForceOverwrite = "true"
		Release.AspNetCompiler.FixedNames = "false"
		Release.AspNetCompiler.Debug = "False"
		VWDPort = "59524"
	EndProjectSection
EndProject
Global
	GlobalSection(SolutionConfigurationPlatforms) = preSolution
		Debug|Any CPU = Debug|Any CPU
	EndGlobalSection
	GlobalSection(ProjectConfigurationPlatforms) = postSolution
		{999D8ED4-53C9-4785-AB47-FBA57C920C7C}.Debug|Any CPU.ActiveCfg = Debug|Any CPU
		{999D8ED4-53C9-4785-AB47-FBA57C920C7C}.Debug|Any CPU.Build.0 = Debug|Any CPU
		{EA1AE347-8C37-4C04-BC46-D518A3E7FD7E}.Debug|Any CPU.ActiveCfg = Debug|Any CPU
		{EA1AE347-8C37-4C04-BC46-D518A3E7FD7E}.Debug|Any CPU.Build.0 = Debug|Any CPU
		{AFFADA52-446C-493B-B160-3AC1298A6C80}.Debug|Any CPU.ActiveCfg = Debug|Any CPU
		{AFFADA52-446C-493B-B160-3AC1298A6C80}.Debug|Any CPU.Build.0 = Debug|Any CPU
		{CE913DD4-4D1E-44C9-A6FA-A9A117DE406C}.Debug|Any CPU.ActiveCfg = Debug|Any CPU
		{CE913DD4-4D1E-44C9-A6FA-A9A117DE406C}.Debug|Any CPU.Build.0 = Debug|Any CPU
		{A497773F-24D2-47AC-B8EE-8D0B7D0B88D3}.Debug|Any CPU.ActiveCfg = Debug|Any CPU
		{A497773F-24D2-47AC-B8EE-8D0B7D0B88D3}.Debug|Any CPU.Build.0 = Debug|Any CPU
		{8878A470-83D3-4329-855C-5B0BE490188F}.Debug|Any CPU.ActiveCfg = Debug|Any CPU
		{8878A470-83D3-4329-855C-5B0BE490188F}.Debug|Any CPU.Build.0 = Debug|Any CPU
	EndGlobalSection
	GlobalSection(SolutionProperties) = preSolution
		HideSolutionNode = FALSE
	EndGlobalSection
	GlobalSection(ExtensibilityGlobals) = postSolution
		SolutionGuid = {5056B443-B178-4BEB-BFFC-4C17B997E856}
	EndGlobalSection
EndGlobal
